// !$*UTF8*$!
{
	archiveVersion = 1;
	classes = {
	};
	objectVersion = 52;
	objects = {

/* Begin PBXBuildFile section */
		5B24C78026246DBE00E50C8E /* TickerFactory.swift in Sources */ = {isa = PBXBuildFile; fileRef = 5B24C77F26246DBE00E50C8E /* TickerFactory.swift */; };
		5B24C7882624AC9C00E50C8E /* TickerFactoryImplementationTests.swift in Sources */ = {isa = PBXBuildFile; fileRef = 5B24C7872624AC9C00E50C8E /* TickerFactoryImplementationTests.swift */; };
		5B3D12892606BE0E00562332 /* BerlinClock.framework in Frameworks */ = {isa = PBXBuildFile; fileRef = 5B3D127F2606BE0E00562332 /* BerlinClock.framework */; };
		5B3D128E2606BE0E00562332 /* BerlinClockRepresentationTests.swift in Sources */ = {isa = PBXBuildFile; fileRef = 5B3D128D2606BE0E00562332 /* BerlinClockRepresentationTests.swift */; };
		5B3D12902606BE0E00562332 /* BerlinClock.h in Headers */ = {isa = PBXBuildFile; fileRef = 5B3D12822606BE0E00562332 /* BerlinClock.h */; settings = {ATTRIBUTES = (Public, ); }; };
		5B3D12A4260722D700562332 /* BerlinClockRepresentation.swift in Sources */ = {isa = PBXBuildFile; fileRef = 5B3D12A3260722D700562332 /* BerlinClockRepresentation.swift */; };
		5B3D12A82607230A00562332 /* BerlinClockTimeProvider.swift in Sources */ = {isa = PBXBuildFile; fileRef = 5B3D12A72607230A00562332 /* BerlinClockTimeProvider.swift */; };
		5B3D12AC2607235A00562332 /* BerlinClock.swift in Sources */ = {isa = PBXBuildFile; fileRef = 5B3D12AB2607235A00562332 /* BerlinClock.swift */; };
		5B3D12B02607238900562332 /* BerlinClockDateFormatter.swift in Sources */ = {isa = PBXBuildFile; fileRef = 5B3D12AF2607238900562332 /* BerlinClockDateFormatter.swift */; };
		5B3D12B4260723C700562332 /* BerlinClockDateFormatter+BerlinClockTimeProvider.swift in Sources */ = {isa = PBXBuildFile; fileRef = 5B3D12B3260723C700562332 /* BerlinClockDateFormatter+BerlinClockTimeProvider.swift */; };
		5B3D12C22607F11F00562332 /* BerlinClockTimeProviderTests.swift in Sources */ = {isa = PBXBuildFile; fileRef = 5B3D12C12607F11F00562332 /* BerlinClockTimeProviderTests.swift */; };
		5B3D12D22607F41C00562332 /* BerlinClockFactory.swift in Sources */ = {isa = PBXBuildFile; fileRef = 5B3D12D12607F41C00562332 /* BerlinClockFactory.swift */; };
		5B3D12D62607F50B00562332 /* ColorSchema.swift in Sources */ = {isa = PBXBuildFile; fileRef = 5B3D12D52607F50B00562332 /* ColorSchema.swift */; };
		5B3D141A2609256500562332 /* BerlinClockUIKit.framework in Frameworks */ = {isa = PBXBuildFile; fileRef = 5B3D14112609256500562332 /* BerlinClockUIKit.framework */; };
		5B3D14AB2609681F00562332 /* BerlinClockViewControllerTests.swift in Sources */ = {isa = PBXBuildFile; fileRef = 5B3D14AA2609681F00562332 /* BerlinClockViewControllerTests.swift */; };
		5B3D14B72609747F00562332 /* BerlinClockViewModelTests.swift in Sources */ = {isa = PBXBuildFile; fileRef = 5B3D14B62609747F00562332 /* BerlinClockViewModelTests.swift */; };
		5B3D14C326097B4300562332 /* BerlinClockViewController.swift in Sources */ = {isa = PBXBuildFile; fileRef = 5B3D14C226097B4300562332 /* BerlinClockViewController.swift */; };
		5B3D14D826097BA500562332 /* BerlinClock.framework in Frameworks */ = {isa = PBXBuildFile; fileRef = 5B3D127F2606BE0E00562332 /* BerlinClock.framework */; platformFilter = ios; };
		5B3D14D926097BA500562332 /* BerlinClock.framework in Embed Frameworks */ = {isa = PBXBuildFile; fileRef = 5B3D127F2606BE0E00562332 /* BerlinClock.framework */; platformFilter = ios; settings = {ATTRIBUTES = (CodeSignOnCopy, RemoveHeadersOnCopy, ); }; };
		5B3D14E226097C1C00562332 /* BerlinClockInteractor.swift in Sources */ = {isa = PBXBuildFile; fileRef = 5B3D14E126097C1C00562332 /* BerlinClockInteractor.swift */; };
		5B3D14F22609804000562332 /* BerlinClockViewModel.swift in Sources */ = {isa = PBXBuildFile; fileRef = 5B3D14F12609804000562332 /* BerlinClockViewModel.swift */; };
		5B3D15182609901000562332 /* AppDelegate.swift in Sources */ = {isa = PBXBuildFile; fileRef = 5B3D15172609901000562332 /* AppDelegate.swift */; };
		5B3D151A2609901000562332 /* SceneDelegate.swift in Sources */ = {isa = PBXBuildFile; fileRef = 5B3D15192609901000562332 /* SceneDelegate.swift */; };
		5B3D151F2609901000562332 /* Main.storyboard in Resources */ = {isa = PBXBuildFile; fileRef = 5B3D151D2609901000562332 /* Main.storyboard */; };
		5B3D15212609901100562332 /* Assets.xcassets in Resources */ = {isa = PBXBuildFile; fileRef = 5B3D15202609901100562332 /* Assets.xcassets */; };
		5B3D15242609901100562332 /* LaunchScreen.storyboard in Resources */ = {isa = PBXBuildFile; fileRef = 5B3D15222609901100562332 /* LaunchScreen.storyboard */; };
		5B3D153A2609901100562332 /* BerlinClockMainUITests.swift in Sources */ = {isa = PBXBuildFile; fileRef = 5B3D15392609901100562332 /* BerlinClockMainUITests.swift */; };
		5B3D154C2609908000562332 /* BerlinClock.framework in Frameworks */ = {isa = PBXBuildFile; fileRef = 5B3D127F2606BE0E00562332 /* BerlinClock.framework */; };
		5B3D154D2609908000562332 /* BerlinClock.framework in Embed Frameworks */ = {isa = PBXBuildFile; fileRef = 5B3D127F2606BE0E00562332 /* BerlinClock.framework */; settings = {ATTRIBUTES = (CodeSignOnCopy, RemoveHeadersOnCopy, ); }; };
		5B3D15502609908000562332 /* BerlinClockUIKit.framework in Frameworks */ = {isa = PBXBuildFile; fileRef = 5B3D14112609256500562332 /* BerlinClockUIKit.framework */; };
		5B3D15512609908000562332 /* BerlinClockUIKit.framework in Embed Frameworks */ = {isa = PBXBuildFile; fileRef = 5B3D14112609256500562332 /* BerlinClockUIKit.framework */; settings = {ATTRIBUTES = (CodeSignOnCopy, RemoveHeadersOnCopy, ); }; };
		5B3D1564260994DC00562332 /* MainComposer.swift in Sources */ = {isa = PBXBuildFile; fileRef = 5B3D1563260994DC00562332 /* MainComposer.swift */; };
		5B80EF762625B71A0047904A /* MainQueueDispatchDecorator.swift in Sources */ = {isa = PBXBuildFile; fileRef = 5B3D15A12609A5FC00562332 /* MainQueueDispatchDecorator.swift */; };
		5B80EF972625B7B40047904A /* MainQueueDispatchDecoratorTests.swift in Sources */ = {isa = PBXBuildFile; fileRef = 5B3D15722609A4F900562332 /* MainQueueDispatchDecoratorTests.swift */; };
/* End PBXBuildFile section */

/* Begin PBXContainerItemProxy section */
		5B3D128A2606BE0E00562332 /* PBXContainerItemProxy */ = {
			isa = PBXContainerItemProxy;
			containerPortal = 5B3D12762606BE0E00562332 /* Project object */;
			proxyType = 1;
			remoteGlobalIDString = 5B3D127E2606BE0E00562332;
			remoteInfo = BerlinClock;
		};
		5B3D141B2609256500562332 /* PBXContainerItemProxy */ = {
			isa = PBXContainerItemProxy;
			containerPortal = 5B3D12762606BE0E00562332 /* Project object */;
			proxyType = 1;
			remoteGlobalIDString = 5B3D14102609256500562332;
			remoteInfo = BerlinClockUIKit;
		};
		5B3D14DA26097BA500562332 /* PBXContainerItemProxy */ = {
			isa = PBXContainerItemProxy;
			containerPortal = 5B3D12762606BE0E00562332 /* Project object */;
			proxyType = 1;
			remoteGlobalIDString = 5B3D127E2606BE0E00562332;
			remoteInfo = BerlinClock;
		};
		5B3D152B2609901100562332 /* PBXContainerItemProxy */ = {
			isa = PBXContainerItemProxy;
			containerPortal = 5B3D12762606BE0E00562332 /* Project object */;
			proxyType = 1;
			remoteGlobalIDString = 5B3D15142609901000562332;
			remoteInfo = BerlinClockMain;
		};
		5B3D15362609901100562332 /* PBXContainerItemProxy */ = {
			isa = PBXContainerItemProxy;
			containerPortal = 5B3D12762606BE0E00562332 /* Project object */;
			proxyType = 1;
			remoteGlobalIDString = 5B3D15142609901000562332;
			remoteInfo = BerlinClockMain;
		};
		5B3D154E2609908000562332 /* PBXContainerItemProxy */ = {
			isa = PBXContainerItemProxy;
			containerPortal = 5B3D12762606BE0E00562332 /* Project object */;
			proxyType = 1;
			remoteGlobalIDString = 5B3D127E2606BE0E00562332;
			remoteInfo = BerlinClock;
		};
		5B3D15522609908000562332 /* PBXContainerItemProxy */ = {
			isa = PBXContainerItemProxy;
			containerPortal = 5B3D12762606BE0E00562332 /* Project object */;
			proxyType = 1;
			remoteGlobalIDString = 5B3D14102609256500562332;
			remoteInfo = BerlinClockUIKit;
		};
/* End PBXContainerItemProxy section */

/* Begin PBXCopyFilesBuildPhase section */
		5B3D14DC26097BA500562332 /* Embed Frameworks */ = {
			isa = PBXCopyFilesBuildPhase;
			buildActionMask = 2147483647;
			dstPath = "";
			dstSubfolderSpec = 10;
			files = (
				5B3D14D926097BA500562332 /* BerlinClock.framework in Embed Frameworks */,
			);
			name = "Embed Frameworks";
			runOnlyForDeploymentPostprocessing = 0;
		};
		5B3D15542609908100562332 /* Embed Frameworks */ = {
			isa = PBXCopyFilesBuildPhase;
			buildActionMask = 2147483647;
			dstPath = "";
			dstSubfolderSpec = 10;
			files = (
				5B3D15512609908000562332 /* BerlinClockUIKit.framework in Embed Frameworks */,
				5B3D154D2609908000562332 /* BerlinClock.framework in Embed Frameworks */,
			);
			name = "Embed Frameworks";
			runOnlyForDeploymentPostprocessing = 0;
		};
/* End PBXCopyFilesBuildPhase section */

/* Begin PBXFileReference section */
		5B24C77F26246DBE00E50C8E /* TickerFactory.swift */ = {isa = PBXFileReference; lastKnownFileType = sourcecode.swift; path = TickerFactory.swift; sourceTree = "<group>"; };
		5B24C7872624AC9C00E50C8E /* TickerFactoryImplementationTests.swift */ = {isa = PBXFileReference; lastKnownFileType = sourcecode.swift; path = TickerFactoryImplementationTests.swift; sourceTree = "<group>"; };
		5B3D127F2606BE0E00562332 /* BerlinClock.framework */ = {isa = PBXFileReference; explicitFileType = wrapper.framework; includeInIndex = 0; path = BerlinClock.framework; sourceTree = BUILT_PRODUCTS_DIR; };
		5B3D12822606BE0E00562332 /* BerlinClock.h */ = {isa = PBXFileReference; lastKnownFileType = sourcecode.c.h; path = BerlinClock.h; sourceTree = "<group>"; };
		5B3D12832606BE0E00562332 /* Info.plist */ = {isa = PBXFileReference; lastKnownFileType = text.plist.xml; path = Info.plist; sourceTree = "<group>"; };
		5B3D12882606BE0E00562332 /* BerlinClockTests.xctest */ = {isa = PBXFileReference; explicitFileType = wrapper.cfbundle; includeInIndex = 0; path = BerlinClockTests.xctest; sourceTree = BUILT_PRODUCTS_DIR; };
		5B3D128D2606BE0E00562332 /* BerlinClockRepresentationTests.swift */ = {isa = PBXFileReference; lastKnownFileType = sourcecode.swift; path = BerlinClockRepresentationTests.swift; sourceTree = "<group>"; };
		5B3D128F2606BE0E00562332 /* Info.plist */ = {isa = PBXFileReference; lastKnownFileType = text.plist.xml; path = Info.plist; sourceTree = "<group>"; };
		5B3D12A3260722D700562332 /* BerlinClockRepresentation.swift */ = {isa = PBXFileReference; lastKnownFileType = sourcecode.swift; path = BerlinClockRepresentation.swift; sourceTree = "<group>"; };
		5B3D12A72607230A00562332 /* BerlinClockTimeProvider.swift */ = {isa = PBXFileReference; lastKnownFileType = sourcecode.swift; path = BerlinClockTimeProvider.swift; sourceTree = "<group>"; };
		5B3D12AB2607235A00562332 /* BerlinClock.swift */ = {isa = PBXFileReference; lastKnownFileType = sourcecode.swift; path = BerlinClock.swift; sourceTree = "<group>"; };
		5B3D12AF2607238900562332 /* BerlinClockDateFormatter.swift */ = {isa = PBXFileReference; lastKnownFileType = sourcecode.swift; path = BerlinClockDateFormatter.swift; sourceTree = "<group>"; };
		5B3D12B3260723C700562332 /* BerlinClockDateFormatter+BerlinClockTimeProvider.swift */ = {isa = PBXFileReference; lastKnownFileType = sourcecode.swift; path = "BerlinClockDateFormatter+BerlinClockTimeProvider.swift"; sourceTree = "<group>"; };
		5B3D12C12607F11F00562332 /* BerlinClockTimeProviderTests.swift */ = {isa = PBXFileReference; lastKnownFileType = sourcecode.swift; path = BerlinClockTimeProviderTests.swift; sourceTree = "<group>"; };
		5B3D12D12607F41C00562332 /* BerlinClockFactory.swift */ = {isa = PBXFileReference; lastKnownFileType = sourcecode.swift; path = BerlinClockFactory.swift; sourceTree = "<group>"; };
		5B3D12D52607F50B00562332 /* ColorSchema.swift */ = {isa = PBXFileReference; lastKnownFileType = sourcecode.swift; path = ColorSchema.swift; sourceTree = "<group>"; };
		5B3D14112609256500562332 /* BerlinClockUIKit.framework */ = {isa = PBXFileReference; explicitFileType = wrapper.framework; includeInIndex = 0; path = BerlinClockUIKit.framework; sourceTree = BUILT_PRODUCTS_DIR; };
		5B3D14142609256500562332 /* Info.plist */ = {isa = PBXFileReference; lastKnownFileType = text.plist.xml; path = Info.plist; sourceTree = "<group>"; };
		5B3D14192609256500562332 /* BerlinClockUIKitTests.xctest */ = {isa = PBXFileReference; explicitFileType = wrapper.cfbundle; includeInIndex = 0; path = BerlinClockUIKitTests.xctest; sourceTree = BUILT_PRODUCTS_DIR; };
		5B3D14202609256500562332 /* Info.plist */ = {isa = PBXFileReference; lastKnownFileType = text.plist.xml; path = Info.plist; sourceTree = "<group>"; };
		5B3D143B260927B800562332 /* UIKit.framework */ = {isa = PBXFileReference; lastKnownFileType = wrapper.framework; name = UIKit.framework; path = System/iOSSupport/System/Library/Frameworks/UIKit.framework; sourceTree = SDKROOT; };
		5B3D1484260941EA00562332 /* BerlinClockPrototype.app */ = {isa = PBXFileReference; explicitFileType = wrapper.application; includeInIndex = 0; path = BerlinClockPrototype.app; sourceTree = BUILT_PRODUCTS_DIR; };
		5B3D14A92609681E00562332 /* BerlinClockUIKitTests-Bridging-Header.h */ = {isa = PBXFileReference; lastKnownFileType = sourcecode.c.h; path = "BerlinClockUIKitTests-Bridging-Header.h"; sourceTree = "<group>"; };
		5B3D14AA2609681F00562332 /* BerlinClockViewControllerTests.swift */ = {isa = PBXFileReference; lastKnownFileType = sourcecode.swift; path = BerlinClockViewControllerTests.swift; sourceTree = "<group>"; };
		5B3D14B62609747F00562332 /* BerlinClockViewModelTests.swift */ = {isa = PBXFileReference; lastKnownFileType = sourcecode.swift; path = BerlinClockViewModelTests.swift; sourceTree = "<group>"; };
		5B3D14C226097B4300562332 /* BerlinClockViewController.swift */ = {isa = PBXFileReference; lastKnownFileType = sourcecode.swift; path = BerlinClockViewController.swift; sourceTree = "<group>"; };
		5B3D14E126097C1C00562332 /* BerlinClockInteractor.swift */ = {isa = PBXFileReference; lastKnownFileType = sourcecode.swift; path = BerlinClockInteractor.swift; sourceTree = "<group>"; };
		5B3D14F12609804000562332 /* BerlinClockViewModel.swift */ = {isa = PBXFileReference; lastKnownFileType = sourcecode.swift; path = BerlinClockViewModel.swift; sourceTree = "<group>"; };
		5B3D15152609901000562332 /* BerlinClockMain.app */ = {isa = PBXFileReference; explicitFileType = wrapper.application; includeInIndex = 0; path = BerlinClockMain.app; sourceTree = BUILT_PRODUCTS_DIR; };
		5B3D15172609901000562332 /* AppDelegate.swift */ = {isa = PBXFileReference; lastKnownFileType = sourcecode.swift; path = AppDelegate.swift; sourceTree = "<group>"; };
		5B3D15192609901000562332 /* SceneDelegate.swift */ = {isa = PBXFileReference; lastKnownFileType = sourcecode.swift; path = SceneDelegate.swift; sourceTree = "<group>"; };
		5B3D151E2609901000562332 /* Base */ = {isa = PBXFileReference; lastKnownFileType = file.storyboard; name = Base; path = Base.lproj/Main.storyboard; sourceTree = "<group>"; };
		5B3D15202609901100562332 /* Assets.xcassets */ = {isa = PBXFileReference; lastKnownFileType = folder.assetcatalog; path = Assets.xcassets; sourceTree = "<group>"; };
		5B3D15232609901100562332 /* Base */ = {isa = PBXFileReference; lastKnownFileType = file.storyboard; name = Base; path = Base.lproj/LaunchScreen.storyboard; sourceTree = "<group>"; };
		5B3D15252609901100562332 /* Info.plist */ = {isa = PBXFileReference; lastKnownFileType = text.plist.xml; path = Info.plist; sourceTree = "<group>"; };
		5B3D152A2609901100562332 /* BerlinClockMainTests.xctest */ = {isa = PBXFileReference; explicitFileType = wrapper.cfbundle; includeInIndex = 0; path = BerlinClockMainTests.xctest; sourceTree = BUILT_PRODUCTS_DIR; };
		5B3D15302609901100562332 /* Info.plist */ = {isa = PBXFileReference; lastKnownFileType = text.plist.xml; path = Info.plist; sourceTree = "<group>"; };
		5B3D15352609901100562332 /* BerlinClockMainUITests.xctest */ = {isa = PBXFileReference; explicitFileType = wrapper.cfbundle; includeInIndex = 0; path = BerlinClockMainUITests.xctest; sourceTree = BUILT_PRODUCTS_DIR; };
		5B3D15392609901100562332 /* BerlinClockMainUITests.swift */ = {isa = PBXFileReference; lastKnownFileType = sourcecode.swift; path = BerlinClockMainUITests.swift; sourceTree = "<group>"; };
		5B3D153B2609901200562332 /* Info.plist */ = {isa = PBXFileReference; lastKnownFileType = text.plist.xml; path = Info.plist; sourceTree = "<group>"; };
		5B3D1563260994DC00562332 /* MainComposer.swift */ = {isa = PBXFileReference; lastKnownFileType = sourcecode.swift; path = MainComposer.swift; sourceTree = "<group>"; };
		5B3D15712609A4F900562332 /* BerlinClockMainTests-Bridging-Header.h */ = {isa = PBXFileReference; lastKnownFileType = sourcecode.c.h; path = "BerlinClockMainTests-Bridging-Header.h"; sourceTree = "<group>"; };
		5B3D15722609A4F900562332 /* MainQueueDispatchDecoratorTests.swift */ = {isa = PBXFileReference; lastKnownFileType = sourcecode.swift; path = MainQueueDispatchDecoratorTests.swift; sourceTree = "<group>"; };
		5B3D15A12609A5FC00562332 /* MainQueueDispatchDecorator.swift */ = {isa = PBXFileReference; lastKnownFileType = sourcecode.swift; path = MainQueueDispatchDecorator.swift; sourceTree = "<group>"; };
/* End PBXFileReference section */

/* Begin PBXFrameworksBuildPhase section */
		5B3D127C2606BE0E00562332 /* Frameworks */ = {
			isa = PBXFrameworksBuildPhase;
			buildActionMask = 2147483647;
			files = (
			);
			runOnlyForDeploymentPostprocessing = 0;
		};
		5B3D12852606BE0E00562332 /* Frameworks */ = {
			isa = PBXFrameworksBuildPhase;
			buildActionMask = 2147483647;
			files = (
				5B3D12892606BE0E00562332 /* BerlinClock.framework in Frameworks */,
			);
			runOnlyForDeploymentPostprocessing = 0;
		};
		5B3D140E2609256500562332 /* Frameworks */ = {
			isa = PBXFrameworksBuildPhase;
			buildActionMask = 2147483647;
			files = (
				5B3D14D826097BA500562332 /* BerlinClock.framework in Frameworks */,
			);
			runOnlyForDeploymentPostprocessing = 0;
		};
		5B3D14162609256500562332 /* Frameworks */ = {
			isa = PBXFrameworksBuildPhase;
			buildActionMask = 2147483647;
			files = (
				5B3D141A2609256500562332 /* BerlinClockUIKit.framework in Frameworks */,
			);
			runOnlyForDeploymentPostprocessing = 0;
		};
		5B3D1481260941E900562332 /* Frameworks */ = {
			isa = PBXFrameworksBuildPhase;
			buildActionMask = 2147483647;
			files = (
			);
			runOnlyForDeploymentPostprocessing = 0;
		};
		5B3D15122609901000562332 /* Frameworks */ = {
			isa = PBXFrameworksBuildPhase;
			buildActionMask = 2147483647;
			files = (
				5B3D15502609908000562332 /* BerlinClockUIKit.framework in Frameworks */,
				5B3D154C2609908000562332 /* BerlinClock.framework in Frameworks */,
			);
			runOnlyForDeploymentPostprocessing = 0;
		};
		5B3D15272609901100562332 /* Frameworks */ = {
			isa = PBXFrameworksBuildPhase;
			buildActionMask = 2147483647;
			files = (
			);
			runOnlyForDeploymentPostprocessing = 0;
		};
		5B3D15322609901100562332 /* Frameworks */ = {
			isa = PBXFrameworksBuildPhase;
			buildActionMask = 2147483647;
			files = (
			);
			runOnlyForDeploymentPostprocessing = 0;
		};
/* End PBXFrameworksBuildPhase section */

/* Begin PBXGroup section */
		5B3D12752606BE0E00562332 = {
			isa = PBXGroup;
			children = (
				5B3D12812606BE0E00562332 /* BerlinClock */,
				5B3D128C2606BE0E00562332 /* BerlinClockTests */,
				5B3D14122609256500562332 /* BerlinClockUIKit */,
				5B3D141D2609256500562332 /* BerlinClockUIKitTests */,
				5B3D15162609901000562332 /* BerlinClockMain */,
				5B3D152D2609901100562332 /* BerlinClockMainTests */,
				5B3D15382609901100562332 /* BerlinClockMainUITests */,
				5B3D12802606BE0E00562332 /* Products */,
				5B3D143A260927B800562332 /* Frameworks */,
			);
			sourceTree = "<group>";
		};
		5B3D12802606BE0E00562332 /* Products */ = {
			isa = PBXGroup;
			children = (
				5B3D127F2606BE0E00562332 /* BerlinClock.framework */,
				5B3D12882606BE0E00562332 /* BerlinClockTests.xctest */,
				5B3D14112609256500562332 /* BerlinClockUIKit.framework */,
				5B3D14192609256500562332 /* BerlinClockUIKitTests.xctest */,
				5B3D1484260941EA00562332 /* BerlinClockPrototype.app */,
				5B3D15152609901000562332 /* BerlinClockMain.app */,
				5B3D152A2609901100562332 /* BerlinClockMainTests.xctest */,
				5B3D15352609901100562332 /* BerlinClockMainUITests.xctest */,
			);
			name = Products;
			sourceTree = "<group>";
		};
		5B3D12812606BE0E00562332 /* BerlinClock */ = {
			isa = PBXGroup;
			children = (
				5B3D12BB2607EC5100562332 /* Engine */,
				5B3D12DD2607F7C200562332 /* Representation */,
				5B3D12BC2607EC6700562332 /* PublicInterface */,
				5B3D12822606BE0E00562332 /* BerlinClock.h */,
				5B3D12832606BE0E00562332 /* Info.plist */,
			);
			path = BerlinClock;
			sourceTree = "<group>";
		};
		5B3D128C2606BE0E00562332 /* BerlinClockTests */ = {
			isa = PBXGroup;
			children = (
				5B3D12C12607F11F00562332 /* BerlinClockTimeProviderTests.swift */,
				5B3D128D2606BE0E00562332 /* BerlinClockRepresentationTests.swift */,
				5B3D128F2606BE0E00562332 /* Info.plist */,
			);
			path = BerlinClockTests;
			sourceTree = "<group>";
		};
		5B3D12BB2607EC5100562332 /* Engine */ = {
			isa = PBXGroup;
			children = (
				5B3D12AB2607235A00562332 /* BerlinClock.swift */,
			);
			path = Engine;
			sourceTree = "<group>";
		};
		5B3D12BC2607EC6700562332 /* PublicInterface */ = {
			isa = PBXGroup;
			children = (
				5B3D12D12607F41C00562332 /* BerlinClockFactory.swift */,
				5B3D12D52607F50B00562332 /* ColorSchema.swift */,
				5B3D12A72607230A00562332 /* BerlinClockTimeProvider.swift */,
				5B3D12B3260723C700562332 /* BerlinClockDateFormatter+BerlinClockTimeProvider.swift */,
			);
			path = PublicInterface;
			sourceTree = "<group>";
		};
		5B3D12DD2607F7C200562332 /* Representation */ = {
			isa = PBXGroup;
			children = (
				5B3D12A3260722D700562332 /* BerlinClockRepresentation.swift */,
				5B3D12AF2607238900562332 /* BerlinClockDateFormatter.swift */,
			);
			path = Representation;
			sourceTree = "<group>";
		};
		5B3D14122609256500562332 /* BerlinClockUIKit */ = {
			isa = PBXGroup;
			children = (
				5B3D14142609256500562332 /* Info.plist */,
				5B3D14C226097B4300562332 /* BerlinClockViewController.swift */,
				5B3D14E126097C1C00562332 /* BerlinClockInteractor.swift */,
				5B3D14F12609804000562332 /* BerlinClockViewModel.swift */,
				5B24C77F26246DBE00E50C8E /* TickerFactory.swift */,
			);
			path = BerlinClockUIKit;
			sourceTree = "<group>";
		};
		5B3D141D2609256500562332 /* BerlinClockUIKitTests */ = {
			isa = PBXGroup;
			children = (
				5B3D14202609256500562332 /* Info.plist */,
				5B3D14AA2609681F00562332 /* BerlinClockViewControllerTests.swift */,
				5B3D14A92609681E00562332 /* BerlinClockUIKitTests-Bridging-Header.h */,
				5B3D14B62609747F00562332 /* BerlinClockViewModelTests.swift */,
				5B24C7872624AC9C00E50C8E /* TickerFactoryImplementationTests.swift */,
			);
			path = BerlinClockUIKitTests;
			sourceTree = "<group>";
		};
		5B3D143A260927B800562332 /* Frameworks */ = {
			isa = PBXGroup;
			children = (
				5B3D143B260927B800562332 /* UIKit.framework */,
			);
			name = Frameworks;
			sourceTree = "<group>";
		};
		5B3D15162609901000562332 /* BerlinClockMain */ = {
			isa = PBXGroup;
			children = (
				5B3D15172609901000562332 /* AppDelegate.swift */,
				5B3D15192609901000562332 /* SceneDelegate.swift */,
				5B3D151D2609901000562332 /* Main.storyboard */,
				5B3D15202609901100562332 /* Assets.xcassets */,
				5B3D15222609901100562332 /* LaunchScreen.storyboard */,
				5B3D15252609901100562332 /* Info.plist */,
				5B3D1563260994DC00562332 /* MainComposer.swift */,
				5B3D15A12609A5FC00562332 /* MainQueueDispatchDecorator.swift */,
			);
			path = BerlinClockMain;
			sourceTree = "<group>";
		};
		5B3D152D2609901100562332 /* BerlinClockMainTests */ = {
			isa = PBXGroup;
			children = (
				5B3D15302609901100562332 /* Info.plist */,
				5B3D15722609A4F900562332 /* MainQueueDispatchDecoratorTests.swift */,
				5B3D15712609A4F900562332 /* BerlinClockMainTests-Bridging-Header.h */,
			);
			path = BerlinClockMainTests;
			sourceTree = "<group>";
		};
		5B3D15382609901100562332 /* BerlinClockMainUITests */ = {
			isa = PBXGroup;
			children = (
				5B3D15392609901100562332 /* BerlinClockMainUITests.swift */,
				5B3D153B2609901200562332 /* Info.plist */,
			);
			path = BerlinClockMainUITests;
			sourceTree = "<group>";
		};
/* End PBXGroup section */

/* Begin PBXHeadersBuildPhase section */
		5B3D127A2606BE0E00562332 /* Headers */ = {
			isa = PBXHeadersBuildPhase;
			buildActionMask = 2147483647;
			files = (
				5B3D12902606BE0E00562332 /* BerlinClock.h in Headers */,
			);
			runOnlyForDeploymentPostprocessing = 0;
		};
		5B3D140C2609256500562332 /* Headers */ = {
			isa = PBXHeadersBuildPhase;
			buildActionMask = 2147483647;
			files = (
			);
			runOnlyForDeploymentPostprocessing = 0;
		};
/* End PBXHeadersBuildPhase section */

/* Begin PBXNativeTarget section */
		5B3D127E2606BE0E00562332 /* BerlinClock */ = {
			isa = PBXNativeTarget;
			buildConfigurationList = 5B3D12932606BE0E00562332 /* Build configuration list for PBXNativeTarget "BerlinClock" */;
			buildPhases = (
				5B3D127A2606BE0E00562332 /* Headers */,
				5B3D127B2606BE0E00562332 /* Sources */,
				5B3D127C2606BE0E00562332 /* Frameworks */,
				5B3D127D2606BE0E00562332 /* Resources */,
			);
			buildRules = (
			);
			dependencies = (
			);
			name = BerlinClock;
			productName = BerlinClock;
			productReference = 5B3D127F2606BE0E00562332 /* BerlinClock.framework */;
			productType = "com.apple.product-type.framework";
		};
		5B3D12872606BE0E00562332 /* BerlinClockTests */ = {
			isa = PBXNativeTarget;
			buildConfigurationList = 5B3D12962606BE0E00562332 /* Build configuration list for PBXNativeTarget "BerlinClockTests" */;
			buildPhases = (
				5B3D12842606BE0E00562332 /* Sources */,
				5B3D12852606BE0E00562332 /* Frameworks */,
				5B3D12862606BE0E00562332 /* Resources */,
			);
			buildRules = (
			);
			dependencies = (
				5B3D128B2606BE0E00562332 /* PBXTargetDependency */,
			);
			name = BerlinClockTests;
			productName = BerlinClockTests;
			productReference = 5B3D12882606BE0E00562332 /* BerlinClockTests.xctest */;
			productType = "com.apple.product-type.bundle.unit-test";
		};
		5B3D14102609256500562332 /* BerlinClockUIKit */ = {
			isa = PBXNativeTarget;
			buildConfigurationList = 5B3D14262609256500562332 /* Build configuration list for PBXNativeTarget "BerlinClockUIKit" */;
			buildPhases = (
				5B3D140C2609256500562332 /* Headers */,
				5B3D140D2609256500562332 /* Sources */,
				5B3D140E2609256500562332 /* Frameworks */,
				5B3D140F2609256500562332 /* Resources */,
				5B3D14DC26097BA500562332 /* Embed Frameworks */,
			);
			buildRules = (
			);
			dependencies = (
				5B3D14DB26097BA500562332 /* PBXTargetDependency */,
			);
			name = BerlinClockUIKit;
			productName = BerlinClockUIKit;
			productReference = 5B3D14112609256500562332 /* BerlinClockUIKit.framework */;
			productType = "com.apple.product-type.framework";
		};
		5B3D14182609256500562332 /* BerlinClockUIKitTests */ = {
			isa = PBXNativeTarget;
			buildConfigurationList = 5B3D14272609256500562332 /* Build configuration list for PBXNativeTarget "BerlinClockUIKitTests" */;
			buildPhases = (
				5B3D14152609256500562332 /* Sources */,
				5B3D14162609256500562332 /* Frameworks */,
				5B3D14172609256500562332 /* Resources */,
			);
			buildRules = (
			);
			dependencies = (
				5B3D141C2609256500562332 /* PBXTargetDependency */,
			);
			name = BerlinClockUIKitTests;
			productName = BerlinClockUIKitTests;
			productReference = 5B3D14192609256500562332 /* BerlinClockUIKitTests.xctest */;
			productType = "com.apple.product-type.bundle.unit-test";
		};
		5B3D1483260941E900562332 /* BerlinClockPrototype */ = {
			isa = PBXNativeTarget;
			buildConfigurationList = 5B3D1495260941EB00562332 /* Build configuration list for PBXNativeTarget "BerlinClockPrototype" */;
			buildPhases = (
				5B3D1480260941E900562332 /* Sources */,
				5B3D1481260941E900562332 /* Frameworks */,
				5B3D1482260941E900562332 /* Resources */,
			);
			buildRules = (
			);
			dependencies = (
			);
			name = BerlinClockPrototype;
			productName = BerlinClockPrototype;
			productReference = 5B3D1484260941EA00562332 /* BerlinClockPrototype.app */;
			productType = "com.apple.product-type.application";
		};
		5B3D15142609901000562332 /* BerlinClockMain */ = {
			isa = PBXNativeTarget;
			buildConfigurationList = 5B3D153C2609901200562332 /* Build configuration list for PBXNativeTarget "BerlinClockMain" */;
			buildPhases = (
				5B3D15112609901000562332 /* Sources */,
				5B3D15122609901000562332 /* Frameworks */,
				5B3D15132609901000562332 /* Resources */,
				5B3D15542609908100562332 /* Embed Frameworks */,
			);
			buildRules = (
			);
			dependencies = (
				5B3D154F2609908000562332 /* PBXTargetDependency */,
				5B3D15532609908000562332 /* PBXTargetDependency */,
			);
			name = BerlinClockMain;
			productName = BerlinClockMain;
			productReference = 5B3D15152609901000562332 /* BerlinClockMain.app */;
			productType = "com.apple.product-type.application";
		};
		5B3D15292609901100562332 /* BerlinClockMainTests */ = {
			isa = PBXNativeTarget;
			buildConfigurationList = 5B3D153F2609901200562332 /* Build configuration list for PBXNativeTarget "BerlinClockMainTests" */;
			buildPhases = (
				5B3D15262609901100562332 /* Sources */,
				5B3D15272609901100562332 /* Frameworks */,
				5B3D15282609901100562332 /* Resources */,
			);
			buildRules = (
			);
			dependencies = (
				5B3D152C2609901100562332 /* PBXTargetDependency */,
			);
			name = BerlinClockMainTests;
			productName = BerlinClockMainTests;
			productReference = 5B3D152A2609901100562332 /* BerlinClockMainTests.xctest */;
			productType = "com.apple.product-type.bundle.unit-test";
		};
		5B3D15342609901100562332 /* BerlinClockMainUITests */ = {
			isa = PBXNativeTarget;
			buildConfigurationList = 5B3D15422609901200562332 /* Build configuration list for PBXNativeTarget "BerlinClockMainUITests" */;
			buildPhases = (
				5B3D15312609901100562332 /* Sources */,
				5B3D15322609901100562332 /* Frameworks */,
				5B3D15332609901100562332 /* Resources */,
			);
			buildRules = (
			);
			dependencies = (
				5B3D15372609901100562332 /* PBXTargetDependency */,
			);
			name = BerlinClockMainUITests;
			productName = BerlinClockMainUITests;
			productReference = 5B3D15352609901100562332 /* BerlinClockMainUITests.xctest */;
			productType = "com.apple.product-type.bundle.ui-testing";
		};
/* End PBXNativeTarget section */

/* Begin PBXProject section */
		5B3D12762606BE0E00562332 /* Project object */ = {
			isa = PBXProject;
			attributes = {
				LastSwiftUpdateCheck = 1240;
				LastUpgradeCheck = 1240;
				TargetAttributes = {
					5B3D127E2606BE0E00562332 = {
						CreatedOnToolsVersion = 12.4;
						LastSwiftMigration = 1240;
					};
					5B3D12872606BE0E00562332 = {
						CreatedOnToolsVersion = 12.4;
					};
					5B3D14102609256500562332 = {
						CreatedOnToolsVersion = 12.4;
						LastSwiftMigration = 1240;
					};
					5B3D14182609256500562332 = {
						CreatedOnToolsVersion = 12.4;
						LastSwiftMigration = 1240;
					};
					5B3D1483260941E900562332 = {
						CreatedOnToolsVersion = 12.4;
					};
					5B3D15142609901000562332 = {
						CreatedOnToolsVersion = 12.4;
					};
					5B3D15292609901100562332 = {
						CreatedOnToolsVersion = 12.4;
						LastSwiftMigration = 1240;
						TestTargetID = 5B3D15142609901000562332;
					};
					5B3D15342609901100562332 = {
						CreatedOnToolsVersion = 12.4;
						TestTargetID = 5B3D15142609901000562332;
					};
				};
			};
			buildConfigurationList = 5B3D12792606BE0E00562332 /* Build configuration list for PBXProject "BerlinClock" */;
			compatibilityVersion = "Xcode 9.3";
			developmentRegion = en;
			hasScannedForEncodings = 0;
			knownRegions = (
				en,
				Base,
			);
			mainGroup = 5B3D12752606BE0E00562332;
			productRefGroup = 5B3D12802606BE0E00562332 /* Products */;
			projectDirPath = "";
			projectRoot = "";
			targets = (
				5B3D127E2606BE0E00562332 /* BerlinClock */,
				5B3D12872606BE0E00562332 /* BerlinClockTests */,
				5B3D14102609256500562332 /* BerlinClockUIKit */,
				5B3D14182609256500562332 /* BerlinClockUIKitTests */,
				5B3D1483260941E900562332 /* BerlinClockPrototype */,
				5B3D15142609901000562332 /* BerlinClockMain */,
				5B3D15292609901100562332 /* BerlinClockMainTests */,
				5B3D15342609901100562332 /* BerlinClockMainUITests */,
			);
		};
/* End PBXProject section */

/* Begin PBXResourcesBuildPhase section */
		5B3D127D2606BE0E00562332 /* Resources */ = {
			isa = PBXResourcesBuildPhase;
			buildActionMask = 2147483647;
			files = (
			);
			runOnlyForDeploymentPostprocessing = 0;
		};
		5B3D12862606BE0E00562332 /* Resources */ = {
			isa = PBXResourcesBuildPhase;
			buildActionMask = 2147483647;
			files = (
			);
			runOnlyForDeploymentPostprocessing = 0;
		};
		5B3D140F2609256500562332 /* Resources */ = {
			isa = PBXResourcesBuildPhase;
			buildActionMask = 2147483647;
			files = (
			);
			runOnlyForDeploymentPostprocessing = 0;
		};
		5B3D14172609256500562332 /* Resources */ = {
			isa = PBXResourcesBuildPhase;
			buildActionMask = 2147483647;
			files = (
			);
			runOnlyForDeploymentPostprocessing = 0;
		};
		5B3D1482260941E900562332 /* Resources */ = {
			isa = PBXResourcesBuildPhase;
			buildActionMask = 2147483647;
			files = (
			);
			runOnlyForDeploymentPostprocessing = 0;
		};
		5B3D15132609901000562332 /* Resources */ = {
			isa = PBXResourcesBuildPhase;
			buildActionMask = 2147483647;
			files = (
				5B3D15242609901100562332 /* LaunchScreen.storyboard in Resources */,
				5B3D15212609901100562332 /* Assets.xcassets in Resources */,
				5B3D151F2609901000562332 /* Main.storyboard in Resources */,
			);
			runOnlyForDeploymentPostprocessing = 0;
		};
		5B3D15282609901100562332 /* Resources */ = {
			isa = PBXResourcesBuildPhase;
			buildActionMask = 2147483647;
			files = (
			);
			runOnlyForDeploymentPostprocessing = 0;
		};
		5B3D15332609901100562332 /* Resources */ = {
			isa = PBXResourcesBuildPhase;
			buildActionMask = 2147483647;
			files = (
			);
			runOnlyForDeploymentPostprocessing = 0;
		};
/* End PBXResourcesBuildPhase section */

/* Begin PBXSourcesBuildPhase section */
		5B3D127B2606BE0E00562332 /* Sources */ = {
			isa = PBXSourcesBuildPhase;
			buildActionMask = 2147483647;
			files = (
				5B3D12B4260723C700562332 /* BerlinClockDateFormatter+BerlinClockTimeProvider.swift in Sources */,
				5B3D12B02607238900562332 /* BerlinClockDateFormatter.swift in Sources */,
				5B3D12A82607230A00562332 /* BerlinClockTimeProvider.swift in Sources */,
				5B3D12D22607F41C00562332 /* BerlinClockFactory.swift in Sources */,
				5B3D12D62607F50B00562332 /* ColorSchema.swift in Sources */,
				5B3D12A4260722D700562332 /* BerlinClockRepresentation.swift in Sources */,
				5B3D12AC2607235A00562332 /* BerlinClock.swift in Sources */,
			);
			runOnlyForDeploymentPostprocessing = 0;
		};
		5B3D12842606BE0E00562332 /* Sources */ = {
			isa = PBXSourcesBuildPhase;
			buildActionMask = 2147483647;
			files = (
				5B3D128E2606BE0E00562332 /* BerlinClockRepresentationTests.swift in Sources */,
				5B3D12C22607F11F00562332 /* BerlinClockTimeProviderTests.swift in Sources */,
			);
			runOnlyForDeploymentPostprocessing = 0;
		};
		5B3D140D2609256500562332 /* Sources */ = {
			isa = PBXSourcesBuildPhase;
			buildActionMask = 2147483647;
			files = (
				5B3D14C326097B4300562332 /* BerlinClockViewController.swift in Sources */,
				5B24C78026246DBE00E50C8E /* TickerFactory.swift in Sources */,
				5B3D14F22609804000562332 /* BerlinClockViewModel.swift in Sources */,
				5B3D14E226097C1C00562332 /* BerlinClockInteractor.swift in Sources */,
			);
			runOnlyForDeploymentPostprocessing = 0;
		};
		5B3D14152609256500562332 /* Sources */ = {
			isa = PBXSourcesBuildPhase;
			buildActionMask = 2147483647;
			files = (
				5B24C7882624AC9C00E50C8E /* TickerFactoryImplementationTests.swift in Sources */,
				5B3D14AB2609681F00562332 /* BerlinClockViewControllerTests.swift in Sources */,
				5B3D14B72609747F00562332 /* BerlinClockViewModelTests.swift in Sources */,
			);
			runOnlyForDeploymentPostprocessing = 0;
		};
		5B3D1480260941E900562332 /* Sources */ = {
			isa = PBXSourcesBuildPhase;
			buildActionMask = 2147483647;
			files = (
			);
			runOnlyForDeploymentPostprocessing = 0;
		};
		5B3D15112609901000562332 /* Sources */ = {
			isa = PBXSourcesBuildPhase;
			buildActionMask = 2147483647;
			files = (
				5B80EF762625B71A0047904A /* MainQueueDispatchDecorator.swift in Sources */,
				5B3D15182609901000562332 /* AppDelegate.swift in Sources */,
				5B3D1564260994DC00562332 /* MainComposer.swift in Sources */,
				5B3D151A2609901000562332 /* SceneDelegate.swift in Sources */,
			);
			runOnlyForDeploymentPostprocessing = 0;
		};
		5B3D15262609901100562332 /* Sources */ = {
			isa = PBXSourcesBuildPhase;
			buildActionMask = 2147483647;
			files = (
				5B80EF972625B7B40047904A /* MainQueueDispatchDecoratorTests.swift in Sources */,
			);
			runOnlyForDeploymentPostprocessing = 0;
		};
		5B3D15312609901100562332 /* Sources */ = {
			isa = PBXSourcesBuildPhase;
			buildActionMask = 2147483647;
			files = (
				5B3D153A2609901100562332 /* BerlinClockMainUITests.swift in Sources */,
			);
			runOnlyForDeploymentPostprocessing = 0;
		};
/* End PBXSourcesBuildPhase section */

/* Begin PBXTargetDependency section */
		5B3D128B2606BE0E00562332 /* PBXTargetDependency */ = {
			isa = PBXTargetDependency;
			target = 5B3D127E2606BE0E00562332 /* BerlinClock */;
			targetProxy = 5B3D128A2606BE0E00562332 /* PBXContainerItemProxy */;
		};
		5B3D141C2609256500562332 /* PBXTargetDependency */ = {
			isa = PBXTargetDependency;
			target = 5B3D14102609256500562332 /* BerlinClockUIKit */;
			targetProxy = 5B3D141B2609256500562332 /* PBXContainerItemProxy */;
		};
		5B3D14DB26097BA500562332 /* PBXTargetDependency */ = {
			isa = PBXTargetDependency;
			platformFilter = ios;
			target = 5B3D127E2606BE0E00562332 /* BerlinClock */;
			targetProxy = 5B3D14DA26097BA500562332 /* PBXContainerItemProxy */;
		};
		5B3D152C2609901100562332 /* PBXTargetDependency */ = {
			isa = PBXTargetDependency;
			target = 5B3D15142609901000562332 /* BerlinClockMain */;
			targetProxy = 5B3D152B2609901100562332 /* PBXContainerItemProxy */;
		};
		5B3D15372609901100562332 /* PBXTargetDependency */ = {
			isa = PBXTargetDependency;
			target = 5B3D15142609901000562332 /* BerlinClockMain */;
			targetProxy = 5B3D15362609901100562332 /* PBXContainerItemProxy */;
		};
		5B3D154F2609908000562332 /* PBXTargetDependency */ = {
			isa = PBXTargetDependency;
			target = 5B3D127E2606BE0E00562332 /* BerlinClock */;
			targetProxy = 5B3D154E2609908000562332 /* PBXContainerItemProxy */;
		};
		5B3D15532609908000562332 /* PBXTargetDependency */ = {
			isa = PBXTargetDependency;
			target = 5B3D14102609256500562332 /* BerlinClockUIKit */;
			targetProxy = 5B3D15522609908000562332 /* PBXContainerItemProxy */;
		};
/* End PBXTargetDependency section */

/* Begin PBXVariantGroup section */
		5B3D151D2609901000562332 /* Main.storyboard */ = {
			isa = PBXVariantGroup;
			children = (
				5B3D151E2609901000562332 /* Base */,
			);
			name = Main.storyboard;
			sourceTree = "<group>";
		};
		5B3D15222609901100562332 /* LaunchScreen.storyboard */ = {
			isa = PBXVariantGroup;
			children = (
				5B3D15232609901100562332 /* Base */,
			);
			name = LaunchScreen.storyboard;
			sourceTree = "<group>";
		};
/* End PBXVariantGroup section */

/* Begin XCBuildConfiguration section */
		5B3D12912606BE0E00562332 /* Debug */ = {
			isa = XCBuildConfiguration;
			buildSettings = {
				ALWAYS_SEARCH_USER_PATHS = NO;
				CLANG_ANALYZER_NONNULL = YES;
				CLANG_ANALYZER_NUMBER_OBJECT_CONVERSION = YES_AGGRESSIVE;
				CLANG_CXX_LANGUAGE_STANDARD = "gnu++14";
				CLANG_CXX_LIBRARY = "libc++";
				CLANG_ENABLE_MODULES = YES;
				CLANG_ENABLE_OBJC_ARC = YES;
				CLANG_ENABLE_OBJC_WEAK = YES;
				CLANG_WARN_BLOCK_CAPTURE_AUTORELEASING = YES;
				CLANG_WARN_BOOL_CONVERSION = YES;
				CLANG_WARN_COMMA = YES;
				CLANG_WARN_CONSTANT_CONVERSION = YES;
				CLANG_WARN_DEPRECATED_OBJC_IMPLEMENTATIONS = YES;
				CLANG_WARN_DIRECT_OBJC_ISA_USAGE = YES_ERROR;
				CLANG_WARN_DOCUMENTATION_COMMENTS = YES;
				CLANG_WARN_EMPTY_BODY = YES;
				CLANG_WARN_ENUM_CONVERSION = YES;
				CLANG_WARN_INFINITE_RECURSION = YES;
				CLANG_WARN_INT_CONVERSION = YES;
				CLANG_WARN_NON_LITERAL_NULL_CONVERSION = YES;
				CLANG_WARN_OBJC_IMPLICIT_RETAIN_SELF = YES;
				CLANG_WARN_OBJC_LITERAL_CONVERSION = YES;
				CLANG_WARN_OBJC_ROOT_CLASS = YES_ERROR;
				CLANG_WARN_QUOTED_INCLUDE_IN_FRAMEWORK_HEADER = YES;
				CLANG_WARN_RANGE_LOOP_ANALYSIS = YES;
				CLANG_WARN_STRICT_PROTOTYPES = YES;
				CLANG_WARN_SUSPICIOUS_MOVE = YES;
				CLANG_WARN_UNGUARDED_AVAILABILITY = YES_AGGRESSIVE;
				CLANG_WARN_UNREACHABLE_CODE = YES;
				CLANG_WARN__DUPLICATE_METHOD_MATCH = YES;
				COPY_PHASE_STRIP = NO;
				CURRENT_PROJECT_VERSION = 1;
				DEBUG_INFORMATION_FORMAT = dwarf;
				ENABLE_STRICT_OBJC_MSGSEND = YES;
				ENABLE_TESTABILITY = YES;
				GCC_C_LANGUAGE_STANDARD = gnu11;
				GCC_DYNAMIC_NO_PIC = NO;
				GCC_NO_COMMON_BLOCKS = YES;
				GCC_OPTIMIZATION_LEVEL = 0;
				GCC_PREPROCESSOR_DEFINITIONS = (
					"DEBUG=1",
					"$(inherited)",
				);
				GCC_WARN_64_TO_32_BIT_CONVERSION = YES;
				GCC_WARN_ABOUT_RETURN_TYPE = YES_ERROR;
				GCC_WARN_UNDECLARED_SELECTOR = YES;
				GCC_WARN_UNINITIALIZED_AUTOS = YES_AGGRESSIVE;
				GCC_WARN_UNUSED_FUNCTION = YES;
				GCC_WARN_UNUSED_VARIABLE = YES;
				IPHONEOS_DEPLOYMENT_TARGET = 11.0;
				MACOSX_DEPLOYMENT_TARGET = 11.1;
				MTL_ENABLE_DEBUG_INFO = INCLUDE_SOURCE;
				MTL_FAST_MATH = YES;
				ONLY_ACTIVE_ARCH = YES;
				SDKROOT = macosx;
				SWIFT_ACTIVE_COMPILATION_CONDITIONS = DEBUG;
				SWIFT_OPTIMIZATION_LEVEL = "-Onone";
				VERSIONING_SYSTEM = "apple-generic";
				VERSION_INFO_PREFIX = "";
			};
			name = Debug;
		};
		5B3D12922606BE0E00562332 /* Release */ = {
			isa = XCBuildConfiguration;
			buildSettings = {
				ALWAYS_SEARCH_USER_PATHS = NO;
				CLANG_ANALYZER_NONNULL = YES;
				CLANG_ANALYZER_NUMBER_OBJECT_CONVERSION = YES_AGGRESSIVE;
				CLANG_CXX_LANGUAGE_STANDARD = "gnu++14";
				CLANG_CXX_LIBRARY = "libc++";
				CLANG_ENABLE_MODULES = YES;
				CLANG_ENABLE_OBJC_ARC = YES;
				CLANG_ENABLE_OBJC_WEAK = YES;
				CLANG_WARN_BLOCK_CAPTURE_AUTORELEASING = YES;
				CLANG_WARN_BOOL_CONVERSION = YES;
				CLANG_WARN_COMMA = YES;
				CLANG_WARN_CONSTANT_CONVERSION = YES;
				CLANG_WARN_DEPRECATED_OBJC_IMPLEMENTATIONS = YES;
				CLANG_WARN_DIRECT_OBJC_ISA_USAGE = YES_ERROR;
				CLANG_WARN_DOCUMENTATION_COMMENTS = YES;
				CLANG_WARN_EMPTY_BODY = YES;
				CLANG_WARN_ENUM_CONVERSION = YES;
				CLANG_WARN_INFINITE_RECURSION = YES;
				CLANG_WARN_INT_CONVERSION = YES;
				CLANG_WARN_NON_LITERAL_NULL_CONVERSION = YES;
				CLANG_WARN_OBJC_IMPLICIT_RETAIN_SELF = YES;
				CLANG_WARN_OBJC_LITERAL_CONVERSION = YES;
				CLANG_WARN_OBJC_ROOT_CLASS = YES_ERROR;
				CLANG_WARN_QUOTED_INCLUDE_IN_FRAMEWORK_HEADER = YES;
				CLANG_WARN_RANGE_LOOP_ANALYSIS = YES;
				CLANG_WARN_STRICT_PROTOTYPES = YES;
				CLANG_WARN_SUSPICIOUS_MOVE = YES;
				CLANG_WARN_UNGUARDED_AVAILABILITY = YES_AGGRESSIVE;
				CLANG_WARN_UNREACHABLE_CODE = YES;
				CLANG_WARN__DUPLICATE_METHOD_MATCH = YES;
				COPY_PHASE_STRIP = NO;
				CURRENT_PROJECT_VERSION = 1;
				DEBUG_INFORMATION_FORMAT = "dwarf-with-dsym";
				ENABLE_NS_ASSERTIONS = NO;
				ENABLE_STRICT_OBJC_MSGSEND = YES;
				GCC_C_LANGUAGE_STANDARD = gnu11;
				GCC_NO_COMMON_BLOCKS = YES;
				GCC_WARN_64_TO_32_BIT_CONVERSION = YES;
				GCC_WARN_ABOUT_RETURN_TYPE = YES_ERROR;
				GCC_WARN_UNDECLARED_SELECTOR = YES;
				GCC_WARN_UNINITIALIZED_AUTOS = YES_AGGRESSIVE;
				GCC_WARN_UNUSED_FUNCTION = YES;
				GCC_WARN_UNUSED_VARIABLE = YES;
				IPHONEOS_DEPLOYMENT_TARGET = 11.0;
				MACOSX_DEPLOYMENT_TARGET = 11.1;
				MTL_ENABLE_DEBUG_INFO = NO;
				MTL_FAST_MATH = YES;
				SDKROOT = macosx;
				SWIFT_COMPILATION_MODE = wholemodule;
				SWIFT_OPTIMIZATION_LEVEL = "-O";
				VERSIONING_SYSTEM = "apple-generic";
				VERSION_INFO_PREFIX = "";
			};
			name = Release;
		};
		5B3D12942606BE0E00562332 /* Debug */ = {
			isa = XCBuildConfiguration;
			buildSettings = {
				CLANG_ENABLE_MODULES = YES;
				CODE_SIGN_STYLE = Automatic;
				COMBINE_HIDPI_IMAGES = YES;
				DEFINES_MODULE = YES;
				DYLIB_COMPATIBILITY_VERSION = 1;
				DYLIB_CURRENT_VERSION = 1;
				DYLIB_INSTALL_NAME_BASE = "@rpath";
				INFOPLIST_FILE = BerlinClock/Info.plist;
				INSTALL_PATH = "$(LOCAL_LIBRARY_DIR)/Frameworks";
				LD_RUNPATH_SEARCH_PATHS = (
					"$(inherited)",
					"@executable_path/../Frameworks",
					"@loader_path/Frameworks",
				);
				MACH_O_TYPE = staticlib;
				PRODUCT_BUNDLE_IDENTIFIER = halonso.BerlinClock;
				PRODUCT_NAME = "$(TARGET_NAME:c99extidentifier)";
				SKIP_INSTALL = YES;
				SUPPORTED_PLATFORMS = "iphonesimulator iphoneos macosx";
				SWIFT_OPTIMIZATION_LEVEL = "-Onone";
				SWIFT_VERSION = 5.0;
			};
			name = Debug;
		};
		5B3D12952606BE0E00562332 /* Release */ = {
			isa = XCBuildConfiguration;
			buildSettings = {
				CLANG_ENABLE_MODULES = YES;
				CODE_SIGN_STYLE = Automatic;
				COMBINE_HIDPI_IMAGES = YES;
				DEFINES_MODULE = YES;
				DYLIB_COMPATIBILITY_VERSION = 1;
				DYLIB_CURRENT_VERSION = 1;
				DYLIB_INSTALL_NAME_BASE = "@rpath";
				INFOPLIST_FILE = BerlinClock/Info.plist;
				INSTALL_PATH = "$(LOCAL_LIBRARY_DIR)/Frameworks";
				LD_RUNPATH_SEARCH_PATHS = (
					"$(inherited)",
					"@executable_path/../Frameworks",
					"@loader_path/Frameworks",
				);
				MACH_O_TYPE = staticlib;
				PRODUCT_BUNDLE_IDENTIFIER = halonso.BerlinClock;
				PRODUCT_NAME = "$(TARGET_NAME:c99extidentifier)";
				SKIP_INSTALL = YES;
				SUPPORTED_PLATFORMS = "iphonesimulator iphoneos macosx";
				SWIFT_VERSION = 5.0;
			};
			name = Release;
		};
		5B3D12972606BE0E00562332 /* Debug */ = {
			isa = XCBuildConfiguration;
			buildSettings = {
				ALWAYS_EMBED_SWIFT_STANDARD_LIBRARIES = YES;
				CODE_SIGN_STYLE = Automatic;
				COMBINE_HIDPI_IMAGES = YES;
				INFOPLIST_FILE = BerlinClockTests/Info.plist;
				LD_RUNPATH_SEARCH_PATHS = (
					"$(inherited)",
					"@executable_path/../Frameworks",
					"@loader_path/../Frameworks",
				);
				PRODUCT_BUNDLE_IDENTIFIER = halonso.BerlinClockTests;
				PRODUCT_NAME = "$(TARGET_NAME)";
				SUPPORTED_PLATFORMS = "macosx iphoneos iphonesimulator";
				SWIFT_VERSION = 5.0;
			};
			name = Debug;
		};
		5B3D12982606BE0E00562332 /* Release */ = {
			isa = XCBuildConfiguration;
			buildSettings = {
				ALWAYS_EMBED_SWIFT_STANDARD_LIBRARIES = YES;
				CODE_SIGN_STYLE = Automatic;
				COMBINE_HIDPI_IMAGES = YES;
				INFOPLIST_FILE = BerlinClockTests/Info.plist;
				LD_RUNPATH_SEARCH_PATHS = (
					"$(inherited)",
					"@executable_path/../Frameworks",
					"@loader_path/../Frameworks",
				);
				PRODUCT_BUNDLE_IDENTIFIER = halonso.BerlinClockTests;
				PRODUCT_NAME = "$(TARGET_NAME)";
				SUPPORTED_PLATFORMS = "macosx iphoneos iphonesimulator";
				SWIFT_VERSION = 5.0;
			};
			name = Release;
		};
		5B3D14222609256500562332 /* Debug */ = {
			isa = XCBuildConfiguration;
			buildSettings = {
				CLANG_ENABLE_MODULES = YES;
				CODE_SIGN_STYLE = Automatic;
				DEFINES_MODULE = YES;
				DYLIB_COMPATIBILITY_VERSION = 1;
				DYLIB_CURRENT_VERSION = 1;
				DYLIB_INSTALL_NAME_BASE = "@rpath";
				FRAMEWORK_SEARCH_PATHS = (
					"$(inherited)",
					"$(SDKROOT)/System/iOSSupport/System/Library/Frameworks",
				);
				INFOPLIST_FILE = BerlinClockUIKit/Info.plist;
				INSTALL_PATH = "$(LOCAL_LIBRARY_DIR)/Frameworks";
				IPHONEOS_DEPLOYMENT_TARGET = 11.0;
				LD_RUNPATH_SEARCH_PATHS = (
					"$(inherited)",
					"@executable_path/Frameworks",
					"@loader_path/Frameworks",
				);
				MACH_O_TYPE = staticlib;
				PRODUCT_BUNDLE_IDENTIFIER = halonso.BerlinClockUIKit;
				PRODUCT_NAME = "$(TARGET_NAME:c99extidentifier)";
				SDKROOT = iphoneos;
				SKIP_INSTALL = YES;
				SWIFT_OPTIMIZATION_LEVEL = "-Onone";
				SWIFT_VERSION = 5.0;
				TARGETED_DEVICE_FAMILY = "1,2";
			};
			name = Debug;
		};
		5B3D14232609256500562332 /* Release */ = {
			isa = XCBuildConfiguration;
			buildSettings = {
				CLANG_ENABLE_MODULES = YES;
				CODE_SIGN_STYLE = Automatic;
				DEFINES_MODULE = YES;
				DYLIB_COMPATIBILITY_VERSION = 1;
				DYLIB_CURRENT_VERSION = 1;
				DYLIB_INSTALL_NAME_BASE = "@rpath";
				FRAMEWORK_SEARCH_PATHS = (
					"$(inherited)",
					"$(SDKROOT)/System/iOSSupport/System/Library/Frameworks",
				);
				INFOPLIST_FILE = BerlinClockUIKit/Info.plist;
				INSTALL_PATH = "$(LOCAL_LIBRARY_DIR)/Frameworks";
				IPHONEOS_DEPLOYMENT_TARGET = 11.0;
				LD_RUNPATH_SEARCH_PATHS = (
					"$(inherited)",
					"@executable_path/Frameworks",
					"@loader_path/Frameworks",
				);
				MACH_O_TYPE = staticlib;
				PRODUCT_BUNDLE_IDENTIFIER = halonso.BerlinClockUIKit;
				PRODUCT_NAME = "$(TARGET_NAME:c99extidentifier)";
				SDKROOT = iphoneos;
				SKIP_INSTALL = YES;
				SWIFT_VERSION = 5.0;
				TARGETED_DEVICE_FAMILY = "1,2";
				VALIDATE_PRODUCT = YES;
			};
			name = Release;
		};
		5B3D14242609256500562332 /* Debug */ = {
			isa = XCBuildConfiguration;
			buildSettings = {
				ALWAYS_EMBED_SWIFT_STANDARD_LIBRARIES = YES;
				CLANG_ENABLE_MODULES = YES;
				CODE_SIGN_STYLE = Automatic;
				INFOPLIST_FILE = BerlinClockUIKitTests/Info.plist;
				IPHONEOS_DEPLOYMENT_TARGET = 14.4;
				LD_RUNPATH_SEARCH_PATHS = (
					"$(inherited)",
					"@executable_path/Frameworks",
					"@loader_path/Frameworks",
				);
				PRODUCT_BUNDLE_IDENTIFIER = halonso.BerlinClockUIKitTests;
				PRODUCT_NAME = "$(TARGET_NAME)";
				SDKROOT = iphoneos;
				SWIFT_OBJC_BRIDGING_HEADER = "BerlinClockUIKitTests/BerlinClockUIKitTests-Bridging-Header.h";
				SWIFT_OPTIMIZATION_LEVEL = "-Onone";
				SWIFT_VERSION = 5.0;
				TARGETED_DEVICE_FAMILY = "1,2";
			};
			name = Debug;
		};
		5B3D14252609256500562332 /* Release */ = {
			isa = XCBuildConfiguration;
			buildSettings = {
				ALWAYS_EMBED_SWIFT_STANDARD_LIBRARIES = YES;
				CLANG_ENABLE_MODULES = YES;
				CODE_SIGN_STYLE = Automatic;
				INFOPLIST_FILE = BerlinClockUIKitTests/Info.plist;
				IPHONEOS_DEPLOYMENT_TARGET = 14.4;
				LD_RUNPATH_SEARCH_PATHS = (
					"$(inherited)",
					"@executable_path/Frameworks",
					"@loader_path/Frameworks",
				);
				PRODUCT_BUNDLE_IDENTIFIER = halonso.BerlinClockUIKitTests;
				PRODUCT_NAME = "$(TARGET_NAME)";
				SDKROOT = iphoneos;
				SWIFT_OBJC_BRIDGING_HEADER = "BerlinClockUIKitTests/BerlinClockUIKitTests-Bridging-Header.h";
				SWIFT_VERSION = 5.0;
				TARGETED_DEVICE_FAMILY = "1,2";
				VALIDATE_PRODUCT = YES;
			};
			name = Release;
		};
		5B3D1496260941EB00562332 /* Debug */ = {
			isa = XCBuildConfiguration;
			buildSettings = {
				ASSETCATALOG_COMPILER_APPICON_NAME = AppIcon;
				ASSETCATALOG_COMPILER_GLOBAL_ACCENT_COLOR_NAME = AccentColor;
				CODE_SIGN_STYLE = Automatic;
				INFOPLIST_FILE = BerlinClockPrototype/Info.plist;
				IPHONEOS_DEPLOYMENT_TARGET = 14.4;
				LD_RUNPATH_SEARCH_PATHS = (
					"$(inherited)",
					"@executable_path/Frameworks",
				);
				PRODUCT_BUNDLE_IDENTIFIER = halonso.BerlinClockPrototype;
				PRODUCT_NAME = "$(TARGET_NAME)";
				SDKROOT = iphoneos;
				SWIFT_VERSION = 5.0;
				TARGETED_DEVICE_FAMILY = "1,2";
			};
			name = Debug;
		};
		5B3D1497260941EB00562332 /* Release */ = {
			isa = XCBuildConfiguration;
			buildSettings = {
				ASSETCATALOG_COMPILER_APPICON_NAME = AppIcon;
				ASSETCATALOG_COMPILER_GLOBAL_ACCENT_COLOR_NAME = AccentColor;
				CODE_SIGN_STYLE = Automatic;
				INFOPLIST_FILE = BerlinClockPrototype/Info.plist;
				IPHONEOS_DEPLOYMENT_TARGET = 14.4;
				LD_RUNPATH_SEARCH_PATHS = (
					"$(inherited)",
					"@executable_path/Frameworks",
				);
				PRODUCT_BUNDLE_IDENTIFIER = halonso.BerlinClockPrototype;
				PRODUCT_NAME = "$(TARGET_NAME)";
				SDKROOT = iphoneos;
				SWIFT_VERSION = 5.0;
				TARGETED_DEVICE_FAMILY = "1,2";
				VALIDATE_PRODUCT = YES;
			};
			name = Release;
		};
		5B3D153D2609901200562332 /* Debug */ = {
			isa = XCBuildConfiguration;
			buildSettings = {
				ASSETCATALOG_COMPILER_APPICON_NAME = AppIcon;
				ASSETCATALOG_COMPILER_GLOBAL_ACCENT_COLOR_NAME = AccentColor;
				CODE_SIGN_STYLE = Automatic;
				INFOPLIST_FILE = BerlinClockMain/Info.plist;
				IPHONEOS_DEPLOYMENT_TARGET = 14.4;
				LD_RUNPATH_SEARCH_PATHS = (
					"$(inherited)",
					"@executable_path/Frameworks",
				);
				PRODUCT_BUNDLE_IDENTIFIER = halonso.BerlinClockMain;
				PRODUCT_NAME = "$(TARGET_NAME)";
				SDKROOT = iphoneos;
				SWIFT_VERSION = 5.0;
				TARGETED_DEVICE_FAMILY = "1,2";
			};
			name = Debug;
		};
		5B3D153E2609901200562332 /* Release */ = {
			isa = XCBuildConfiguration;
			buildSettings = {
				ASSETCATALOG_COMPILER_APPICON_NAME = AppIcon;
				ASSETCATALOG_COMPILER_GLOBAL_ACCENT_COLOR_NAME = AccentColor;
				CODE_SIGN_STYLE = Automatic;
				INFOPLIST_FILE = BerlinClockMain/Info.plist;
				IPHONEOS_DEPLOYMENT_TARGET = 14.4;
				LD_RUNPATH_SEARCH_PATHS = (
					"$(inherited)",
					"@executable_path/Frameworks",
				);
				PRODUCT_BUNDLE_IDENTIFIER = halonso.BerlinClockMain;
				PRODUCT_NAME = "$(TARGET_NAME)";
				SDKROOT = iphoneos;
				SWIFT_VERSION = 5.0;
				TARGETED_DEVICE_FAMILY = "1,2";
				VALIDATE_PRODUCT = YES;
			};
			name = Release;
		};
		5B3D15402609901200562332 /* Debug */ = {
			isa = XCBuildConfiguration;
			buildSettings = {
				ALWAYS_EMBED_SWIFT_STANDARD_LIBRARIES = YES;
				BUNDLE_LOADER = "$(TEST_HOST)";
				CLANG_ENABLE_MODULES = YES;
				CODE_SIGN_STYLE = Automatic;
				INFOPLIST_FILE = BerlinClockMainTests/Info.plist;
				IPHONEOS_DEPLOYMENT_TARGET = 14.4;
				LD_RUNPATH_SEARCH_PATHS = (
					"$(inherited)",
					"@executable_path/Frameworks",
					"@loader_path/Frameworks",
				);
				PRODUCT_BUNDLE_IDENTIFIER = halonso.BerlinClockMainTests;
				PRODUCT_NAME = "$(TARGET_NAME)";
				SDKROOT = iphoneos;
				SWIFT_OBJC_BRIDGING_HEADER = "BerlinClockMainTests/BerlinClockMainTests-Bridging-Header.h";
				SWIFT_OPTIMIZATION_LEVEL = "-Onone";
				SWIFT_VERSION = 5.0;
				TARGETED_DEVICE_FAMILY = "1,2";
				TEST_HOST = "$(BUILT_PRODUCTS_DIR)/BerlinClockMain.app/BerlinClockMain";
			};
			name = Debug;
		};
		5B3D15412609901200562332 /* Release */ = {
			isa = XCBuildConfiguration;
			buildSettings = {
				ALWAYS_EMBED_SWIFT_STANDARD_LIBRARIES = YES;
				BUNDLE_LOADER = "$(TEST_HOST)";
				CLANG_ENABLE_MODULES = YES;
				CODE_SIGN_STYLE = Automatic;
				INFOPLIST_FILE = BerlinClockMainTests/Info.plist;
				IPHONEOS_DEPLOYMENT_TARGET = 14.4;
				LD_RUNPATH_SEARCH_PATHS = (
					"$(inherited)",
					"@executable_path/Frameworks",
					"@loader_path/Frameworks",
				);
				PRODUCT_BUNDLE_IDENTIFIER = halonso.BerlinClockMainTests;
				PRODUCT_NAME = "$(TARGET_NAME)";
				SDKROOT = iphoneos;
				SWIFT_OBJC_BRIDGING_HEADER = "BerlinClockMainTests/BerlinClockMainTests-Bridging-Header.h";
				SWIFT_VERSION = 5.0;
				TARGETED_DEVICE_FAMILY = "1,2";
				TEST_HOST = "$(BUILT_PRODUCTS_DIR)/BerlinClockMain.app/BerlinClockMain";
				VALIDATE_PRODUCT = YES;
			};
			name = Release;
		};
		5B3D15432609901200562332 /* Debug */ = {
			isa = XCBuildConfiguration;
			buildSettings = {
				ALWAYS_EMBED_SWIFT_STANDARD_LIBRARIES = YES;
				CODE_SIGN_STYLE = Automatic;
				INFOPLIST_FILE = BerlinClockMainUITests/Info.plist;
				IPHONEOS_DEPLOYMENT_TARGET = 14.4;
				LD_RUNPATH_SEARCH_PATHS = (
					"$(inherited)",
					"@executable_path/Frameworks",
					"@loader_path/Frameworks",
				);
				PRODUCT_BUNDLE_IDENTIFIER = halonso.BerlinClockMainUITests;
				PRODUCT_NAME = "$(TARGET_NAME)";
				SDKROOT = iphoneos;
				SWIFT_VERSION = 5.0;
				TARGETED_DEVICE_FAMILY = "1,2";
				TEST_TARGET_NAME = BerlinClockMain;
			};
			name = Debug;
		};
		5B3D15442609901200562332 /* Release */ = {
			isa = XCBuildConfiguration;
			buildSettings = {
				ALWAYS_EMBED_SWIFT_STANDARD_LIBRARIES = YES;
				CODE_SIGN_STYLE = Automatic;
				INFOPLIST_FILE = BerlinClockMainUITests/Info.plist;
				IPHONEOS_DEPLOYMENT_TARGET = 14.4;
				LD_RUNPATH_SEARCH_PATHS = (
					"$(inherited)",
					"@executable_path/Frameworks",
					"@loader_path/Frameworks",
				);
				PRODUCT_BUNDLE_IDENTIFIER = halonso.BerlinClockMainUITests;
				PRODUCT_NAME = "$(TARGET_NAME)";
				SDKROOT = iphoneos;
				SWIFT_VERSION = 5.0;
				TARGETED_DEVICE_FAMILY = "1,2";
				TEST_TARGET_NAME = BerlinClockMain;
				VALIDATE_PRODUCT = YES;
			};
			name = Release;
		};
/* End XCBuildConfiguration section */

/* Begin XCConfigurationList section */
		5B3D12792606BE0E00562332 /* Build configuration list for PBXProject "BerlinClock" */ = {
			isa = XCConfigurationList;
			buildConfigurations = (
				5B3D12912606BE0E00562332 /* Debug */,
				5B3D12922606BE0E00562332 /* Release */,
			);
			defaultConfigurationIsVisible = 0;
			defaultConfigurationName = Release;
		};
		5B3D12932606BE0E00562332 /* Build configuration list for PBXNativeTarget "BerlinClock" */ = {
			isa = XCConfigurationList;
			buildConfigurations = (
				5B3D12942606BE0E00562332 /* Debug */,
				5B3D12952606BE0E00562332 /* Release */,
			);
			defaultConfigurationIsVisible = 0;
			defaultConfigurationName = Release;
		};
		5B3D12962606BE0E00562332 /* Build configuration list for PBXNativeTarget "BerlinClockTests" */ = {
			isa = XCConfigurationList;
			buildConfigurations = (
				5B3D12972606BE0E00562332 /* Debug */,
				5B3D12982606BE0E00562332 /* Release */,
			);
			defaultConfigurationIsVisible = 0;
			defaultConfigurationName = Release;
		};
		5B3D14262609256500562332 /* Build configuration list for PBXNativeTarget "BerlinClockUIKit" */ = {
			isa = XCConfigurationList;
			buildConfigurations = (
				5B3D14222609256500562332 /* Debug */,
				5B3D14232609256500562332 /* Release */,
			);
			defaultConfigurationIsVisible = 0;
			defaultConfigurationName = Release;
		};
		5B3D14272609256500562332 /* Build configuration list for PBXNativeTarget "BerlinClockUIKitTests" */ = {
			isa = XCConfigurationList;
			buildConfigurations = (
				5B3D14242609256500562332 /* Debug */,
				5B3D14252609256500562332 /* Release */,
			);
			defaultConfigurationIsVisible = 0;
			defaultConfigurationName = Release;
		};
		5B3D1495260941EB00562332 /* Build configuration list for PBXNativeTarget "BerlinClockPrototype" */ = {
			isa = XCConfigurationList;
			buildConfigurations = (
				5B3D1496260941EB00562332 /* Debug */,
				5B3D1497260941EB00562332 /* Release */,
			);
			defaultConfigurationIsVisible = 0;
			defaultConfigurationName = Release;
		};
		5B3D153C2609901200562332 /* Build configuration list for PBXNativeTarget "BerlinClockMain" */ = {
			isa = XCConfigurationList;
			buildConfigurations = (
				5B3D153D2609901200562332 /* Debug */,
				5B3D153E2609901200562332 /* Release */,
			);
			defaultConfigurationIsVisible = 0;
			defaultConfigurationName = Release;
		};
		5B3D153F2609901200562332 /* Build configuration list for PBXNativeTarget "BerlinClockMainTests" */ = {
			isa = XCConfigurationList;
			buildConfigurations = (
				5B3D15402609901200562332 /* Debug */,
				5B3D15412609901200562332 /* Release */,
			);
			defaultConfigurationIsVisible = 0;
			defaultConfigurationName = Release;
		};
		5B3D15422609901200562332 /* Build configuration list for PBXNativeTarget "BerlinClockMainUITests" */ = {
			isa = XCConfigurationList;
			buildConfigurations = (
				5B3D15432609901200562332 /* Debug */,
				5B3D15442609901200562332 /* Release */,
			);
			defaultConfigurationIsVisible = 0;
			defaultConfigurationName = Release;
		};
/* End XCConfigurationList section */
	};
	rootObject = 5B3D12762606BE0E00562332 /* Project object */;
}
